
Microsoft Visual Studio Solution File, Format Version 12.00
# Visual Studio Version 17
VisualStudioVersion = 17.5.33516.290
MinimumVisualStudioVersion = 10.0.40219.1
Project("{FAE04EC0-301F-11D3-BF4B-00C04F79EFBC}") = "HospitalModel", "HospitalModel\HospitalModel.csproj", "{4A27E4C6-9C92-4570-BA33-18B547EC4C4C}"
EndProject
Global
	GlobalSection(SolutionConfigurationPlatforms) = preSolution
		Debug|Any CPU = Debug|Any CPU
		Release|Any CPU = Release|Any CPU
	EndGlobalSection
	GlobalSection(ProjectConfigurationPlatforms) = postSolution
		{4A27E4C6-9C92-4570-BA33-18B547EC4C4C}.Debug|Any CPU.ActiveCfg = Debug|Any CPU
		{4A27E4C6-9C92-4570-BA33-18B547EC4C4C}.Debug|Any CPU.Build.0 = Debug|Any CPU
		{4A27E4C6-9C92-4570-BA33-18B547EC4C4C}.Release|Any CPU.ActiveCfg = Release|Any CPU
		{4A27E4C6-9C92-4570-BA33-18B547EC4C4C}.Release|Any CPU.Build.0 = Release|Any CPU
	EndGlobalSection
	GlobalSection(SolutionProperties) = preSolution
		HideSolutionNode = FALSE
	EndGlobalSection
	GlobalSection(ExtensibilityGlobals) = postSolution
		SolutionGuid = {F8E90C0E-DF66-4B20-87E8-296D15587E25}
	EndGlobalSection
EndGlobal
